@EXPLICIT
https://conda.anaconda.org/conda-forge/linux-64/_openmp_mutex-4.5-20_gnu.conda#1dd3fffd892081df9726d7eb7e0dea6198962ba775bd88842135a4ddb4deb3c9
https://conda.anaconda.org/conda-forge/linux-64/binutils_impl_linux-64-2.46.1-default_hfdba357_102.conda#fb7bf36984a37ce7e4714d1d1da0bd0e3bfc679520f5cdc184afc676fd4b5da2
https://conda.anaconda.org/conda-forge/linux-64/binutils_linux-64-2.46.1-default_h4852527_102.conda#08d7238663fc408ba2ab60b02fa3d06a7ca9d872962e03e90c7e0fdecb7ed1d0
https://conda.anaconda.org/conda-forge/linux-64/bzip2-1.0.8-hda65f42_10.conda#1a0d382c515ebf55f8ee1f38c8b81bc95af5c2acc42ad53b66bc5df932032f96
https://conda.anaconda.org/conda-forge/noarch/ca-certificates-2026.7.22-hbd8a1cb_0.conda#0a0544cf95f64394fe4959286f5c71f5444ad58feb0602e53becb27448d24da6
https://conda.anaconda.org/nvidia/linux-64/cuda-cccl-12.8.90-0.conda#0b2d403a67b3f6059d5ae9e2deafbe2de8567dbab4a5b15262c8f6cd7f3c7724
https://conda.anaconda.org/nvidia/linux-64/cuda-cccl_linux-64-12.8.90-0.conda#cbde774232656eafafe8fc28419b8b71948f5bab46bcc9c351482624c4c99c83
https://conda.anaconda.org/nvidia/noarch/cuda-crt-dev_linux-64-12.8.93-0.conda#f19a2c2282ff8407af89c79420a1204c54b80884fde8d54135920357abd7572a
https://conda.anaconda.org/nvidia/linux-64/cuda-crt-tools-12.8.93-0.conda#7b2189252fdb1892cf6ebd14058bf292ec843b261a2d45aa1d8d36d3600a94b4
https://conda.anaconda.org/nvidia/linux-64/cuda-cudart-12.8.90-0.conda#879f0dbda4464c0f9b4158e8bd6e521833ac95be3df9d432e988b10bbb0f54f8
https://conda.anaconda.org/nvidia/linux-64/cuda-cudart-dev-12.8.90-0.conda#9fa2b5cd8ccc8431638988936dd920741c38f46fd69956ade54ab91db30c3654
https://conda.anaconda.org/nvidia/noarch/cuda-cudart-dev_linux-64-12.8.90-0.conda#5c0ff9456d2d0c39041ac7e1e4408508d61413517ba3162c953113b573da9d8e
https://conda.anaconda.org/nvidia/linux-64/cuda-cudart-static-12.8.90-0.conda#8e93a18c81e510d62289178d3344af3865bcbe37b694c7890a1919217fd31a2e
https://conda.anaconda.org/nvidia/noarch/cuda-cudart-static_linux-64-12.8.90-0.conda#ac6513f0b9790695c715865b2cbc5ddfc670e98c16a8a2e5f46899da24811143
https://conda.anaconda.org/nvidia/noarch/cuda-cudart_linux-64-12.8.90-0.conda#e4bbba74a1a3dc6d2eed22e99eec02c11bd954b19152329618a7486b779b0e6e
https://conda.anaconda.org/nvidia/noarch/cuda-driver-dev_linux-64-12.8.90-0.conda#639177902c15b8e75e8c48fe0ff0a4bb29648b1752a3819711d25a7de9d0078e
https://conda.anaconda.org/nvidia/linux-64/cuda-nvcc-12.8.93-0.conda#68f20004bc574095a73cc0b2d8cc1d4db6d86f3980aa4baf32bd1aee0446a89e
https://conda.anaconda.org/nvidia/noarch/cuda-nvcc-dev_linux-64-12.8.93-0.conda#e0ad50b1841ad3969aa19a9358aba6a72b85c00f6f5e4abd43d911e23ae9f7df
https://conda.anaconda.org/nvidia/linux-64/cuda-nvcc-impl-12.8.93-0.conda#b0fb0b9f13e08253aa0055f59b252acf14d491ef4fad0137ff1844c0756b4770
https://conda.anaconda.org/nvidia/linux-64/cuda-nvcc-tools-12.8.93-0.conda#06de41a38e95df52dfa1cfa331b1db12ff72b217b09f00daef3e7562842307de
https://conda.anaconda.org/nvidia/linux-64/cuda-nvcc_linux-64-12.8.93-0.conda#dad809630c9a74f0d0ca956c7b40300b89ef393dbf6b06a7c70281d8c28c4992
https://conda.anaconda.org/nvidia/noarch/cuda-nvvm-dev_linux-64-12.8.93-0.conda#3b353611e0b895f697142097cd0aa14e1d6aa135ce81676d5e201adfb532287f
https://conda.anaconda.org/nvidia/linux-64/cuda-nvvm-impl-12.8.93-0.conda#f000a6f3153b5e25546b576353ac9564caa5c7c63373491103f088bab0f4f794
https://conda.anaconda.org/nvidia/linux-64/cuda-nvvm-tools-12.8.93-0.conda#08965ff982a2b7d986a06c69223a21f5a3b115c059c382455e87a824084ea08f
https://conda.anaconda.org/nvidia/noarch/cuda-version-12.8-h5d125a7_4.conda#5c3fc8c1dd42d6546ba3a3f2765fd4b0752b63a6833c9530ee1ea8b8b9188351
https://conda.anaconda.org/conda-forge/linux-64/gcc_impl_linux-64-13.4.0-h649a46b_20.conda#7f9dbd59dcdf76e9a937b2f926f00627265b3b80c8a40f529f0f78846929d835
https://conda.anaconda.org/conda-forge/linux-64/gcc_linux-64-13.4.0-h5174b15_28.conda#4a6e12079dcff41b45b02a8af124afda58822eae9efedd6925080866c87a7d5c
https://conda.anaconda.org/conda-forge/linux-64/gxx_impl_linux-64-13.4.0-h5415f34_20.conda#688ef3ea82110a862b3b6be6175b087c698b54c542944fc8b7b92f2bffb82050
https://conda.anaconda.org/conda-forge/linux-64/gxx_linux-64-13.4.0-hb11295d_28.conda#ad5bb39b993b36d4bbeed3590b89233bc416b430ba53b92a2b1a24e3ab1bff60
https://conda.anaconda.org/conda-forge/linux-64/icu-78.3-py310h44b86e0_2.conda#9f07834f0c546ab14d885ce0366285f61f44e326c0edd1fc63b8294e113ae432
https://conda.anaconda.org/conda-forge/noarch/kernel-headers_linux-64-6.12.0-he073ed8_6.conda#73b11f31db6c9ebe63d900334fa4f46859aa1ddd8f37cfa5f25a043e0a59253c
https://conda.anaconda.org/conda-forge/linux-64/ld_impl_linux-64-2.46.1-default_hbd61a6d_102.conda#27d83f1188cd19bcb7754a078b3fa7f4cfb8527f8eb2fde54dd01fc529d1adec
https://conda.anaconda.org/conda-forge/linux-64/libexpat-2.8.1-hecca717_1.conda#16feffd9ddbbe5b718515d38ee376c685ba95491cd901244e24671d20b952a77
https://conda.anaconda.org/conda-forge/linux-64/libffi-3.7.0-h3435931_0.conda#ac38603008bf1e99b8ed379b1a656a67a70e2841f2b6a069c630cdf6316012d2
https://conda.anaconda.org/conda-forge/linux-64/libgcc-16.1.0-ha9f2e26_1.conda#d5cb8475131c31680f8fd30512c418f373064e272e452063276a8fb14c9fa42f
https://conda.anaconda.org/conda-forge/noarch/libgcc-devel_linux-64-13.4.0-hd1d28cc_120.conda#46f98e05c26957fffbc9224e70fc16218e5bc3d432288b6baf7e89619d517030
https://conda.anaconda.org/conda-forge/linux-64/libgcc-ng-16.1.0-h69a702a_1.conda#225275c562337a1cd61705da0ee4235dde7bba7504de1c34b74c894adb2b0eee
https://conda.anaconda.org/conda-forge/linux-64/libgomp-16.1.0-he0feb66_1.conda#62cb599ad0539d99386515326d9d5e8f51f75a60c69c2131b21df76edf35bd89
https://conda.anaconda.org/conda-forge/linux-64/liblzma-5.8.3-hb03c661_1.conda#9787df8c22a59c9a70d3e5a10db9ad663485e75e9ccc3f09bd092cb7b95e0dab
https://conda.anaconda.org/conda-forge/linux-64/libnsl-2.0.1-hb9d3cd8_1.conda#927fe72b054277cde6cb82597d0fcf6baf127dcbce2e0a9d8925a68f1265eef5
https://conda.anaconda.org/conda-forge/linux-64/libsanitizer-13.4.0-hf18ac3d_20.conda#bd710792a12dd3e15e74a331efc385384230b6b60d50ecbd2646fbc0be254658
https://conda.anaconda.org/conda-forge/linux-64/libsqlite-3.53.4-hf4e2dac_0.conda#72023efc207fe681e26b65fc9d668062cf0b4f0eacf3431e6eb099b95c1f2efd
https://conda.anaconda.org/conda-forge/linux-64/libstdcxx-16.1.0-h934c35e_1.conda#79721dd08aeb0ab9e773f1f9ef41cf4e6c17477e3d72319147619045bce05a09
https://conda.anaconda.org/conda-forge/noarch/libstdcxx-devel_linux-64-13.4.0-h6963c3b_120.conda#c322903ff3c6330ad9a9da72b2b86503595fc072a7d90405021491168c21701c
https://conda.anaconda.org/conda-forge/linux-64/libstdcxx-ng-16.1.0-hdf11a46_1.conda#2876ca4463d1b394eb969ce4a84d1620aa63fb8202a6397837d1e45ec76c1208
https://conda.anaconda.org/conda-forge/linux-64/libuuid-2.42.2-h5347b49_0.conda#9b1bdce27a7e31f7d241aeecff67a1f3101d52a2b1e33ccc2cdf2613072bf81f
https://conda.anaconda.org/conda-forge/linux-64/libxcrypt-4.4.38-h280c20c_0.conda#f7e9292dd219a6435bbb1223da9586c3e70d66d169c5a92f08db3f2127df04e9
https://conda.anaconda.org/conda-forge/linux-64/libzlib-1.3.2-h25fd6f3_3.conda#eb8a0db0aa570124f7d2a93d7c7f596e3390df5e047818d873baad32985fc736
https://conda.anaconda.org/conda-forge/linux-64/ncurses-6.6-hdb14827_1.conda#5d46557214ed184381dafe835b7c94a474a1c3b307a08a250b1ea4779b44ffb3
https://conda.anaconda.org/conda-forge/linux-64/openssl-3.6.3-h35e630c_1.conda#012096056b97abf1f68c46b7146bd2cbd68c1be762340b4f5dad4fbbe99177bc
https://conda.anaconda.org/conda-forge/noarch/packaging-26.3-pyhc364b38_0.conda#c432626b16768b8dab228bfb706f7060c2d462a21c516d240f68f2f902b5a044
https://conda.anaconda.org/conda-forge/linux-64/patchelf-0.17.0-h58526e2_0.tar.bz2#59d6f4c1a393ff4133367c077f0d6e784b7b472d62d9e2f58bc060641890c1f4
https://conda.anaconda.org/conda-forge/noarch/pip-26.2.1-pyh8b19718_0.conda#c205bae42eb11b364fe3663a817cbcbc20a8ef544c6b2ff6f391013487117259
https://conda.anaconda.org/conda-forge/linux-64/python-3.11.15-h8ab3286_2_cpython.conda#b3c9919295379d106bbfb05c159f51354aec45aa9378205d566f57cc18359557
https://conda.anaconda.org/conda-forge/linux-64/readline-8.3-h853b02a_0.conda#12ffde5a6f958e285aa22c191ca01bbd3d6e710aa852e00618fa6ddc59149002
https://conda.anaconda.org/conda-forge/noarch/setuptools-84.0.0-pyh332efcf_0.conda#9e200ee5f9ff19a4d94e4b51c4856d53dec849f91032f345cf0c6bc3d51a7183
https://conda.anaconda.org/conda-forge/noarch/sysroot_linux-64-2.39-hc4b9eeb_6.conda#7d235e4337f122f3439d0196e1c1c6e715a5b88fcbf24f944510186c84168e45
https://conda.anaconda.org/conda-forge/linux-64/tk-8.6.13-noxft_hd70dff1_3.conda#43624eab22f5f29df7d6ffe914cf442f28fd559b55b290906255492826e636e8
https://conda.anaconda.org/conda-forge/noarch/tzdata-2026c-h151e31d_0.conda#b928c30ddcb0e3f544c6eade8352737e6e610e263276b90232db6a578ef899d8
https://conda.anaconda.org/conda-forge/noarch/wheel-0.48.0-pyhd8ed1ab_0.conda#ba64b29b6d418024cb565081a1799262cb2780d2534ff4c14f76aa858c4286cd
https://conda.anaconda.org/conda-forge/linux-64/zstd-1.5.7-hb78ec9c_7.conda#47d682b9f6d6ec9eb1a6e6c3e75ea6273e899e78fb7fc59f81d39745009fbc60
